
Microsoft Visual Studio Solution File, Format Version 12.00
# Visual Studio 15
VisualStudioVersion = 15.0.28307.421
MinimumVisualStudioVersion = 10.0.40219.1
Project("{8BC9CEB8-8B4A-11D0-8D11-00A0C91BC942}") = "MegaLAN", "MegaLAN\MegaLAN.vcxproj", "{A549E050-4F4D-4FE3-B1C0-92BACB0F7AA1}"
EndProject
Project("{9092AA53-FB77-4645-B42D-1CCCA6BD08BD}") = "Server", "Server\Server.njsproj", "{F546762D-A2CA-4A11-9DF2-E51A6FD82BA2}"
EndProject
Project("{2150E333-8FDC-42A3-9474-1A3956D46DE8}") = "Solution Items", "Solution Items", "{84A55286-1A58-4653-94BB-777FBC53B4CE}"
	ProjectSection(SolutionItems) = preProject
		Installer-32bit.nsi = Installer-32bit.nsi
		Installer-64bit.nsi = Installer-64bit.nsi
		LICENSE = LICENSE
		Protocol.md = Protocol.md
	EndProjectSection
EndProject
Project("{8BC9CEB8-8B4A-11D0-8D11-00A0C91BC942}") = "Linux", "Linux\Linux.vcxproj", "{E732A378-61D6-47F4-A119-690EAE7E87F2}"
EndProject
Global
	GlobalSection(SolutionConfigurationPlatforms) = preSolution
		Debug|Any CPU = Debug|Any CPU
		Debug|ARM = Debug|ARM
		Debug|ARM64 = Debug|ARM64
		Debug|x64 = Debug|x64
		Debug|x86 = Debug|x86
		Release|Any CPU = Release|Any CPU
		Release|ARM = Release|ARM
		Release|ARM64 = Release|ARM64
		Release|x64 = Release|x64
		Release|x86 = Release|x86
	EndGlobalSection
	GlobalSection(ProjectConfigurationPlatforms) = postSolution
		{A549E050-4F4D-4FE3-B1C0-92BACB0F7AA1}.Debug|Any CPU.ActiveCfg = Debug|Win32
		{A549E050-4F4D-4FE3-B1C0-92BACB0F7AA1}.Debug|ARM.ActiveCfg = Debug|Win32
		{A549E050-4F4D-4FE3-B1C0-92BACB0F7AA1}.Debug|ARM64.ActiveCfg = Debug|Win32
		{A549E050-4F4D-4FE3-B1C0-92BACB0F7AA1}.Debug|x64.ActiveCfg = Debug|x64
		{A549E050-4F4D-4FE3-B1C0-92BACB0F7AA1}.Debug|x64.Build.0 = Debug|x64
		{A549E050-4F4D-4FE3-B1C0-92BACB0F7AA1}.Debug|x86.ActiveCfg = Debug|Win32
		{A549E050-4F4D-4FE3-B1C0-92BACB0F7AA1}.Debug|x86.Build.0 = Debug|Win32
		{A549E050-4F4D-4FE3-B1C0-92BACB0F7AA1}.Release|Any CPU.ActiveCfg = Release|Win32
		{A549E050-4F4D-4FE3-B1C0-92BACB0F7AA1}.Release|ARM.ActiveCfg = Release|Win32
		{A549E050-4F4D-4FE3-B1C0-92BACB0F7AA1}.Release|ARM64.ActiveCfg = Release|Win32
		{A549E050-4F4D-4FE3-B1C0-92BACB0F7AA1}.Release|x64.ActiveCfg = Release|x64
		{A549E050-4F4D-4FE3-B1C0-92BACB0F7AA1}.Release|x64.Build.0 = Release|x64
		{A549E050-4F4D-4FE3-B1C0-92BACB0F7AA1}.Release|x86.ActiveCfg = Release|Win32
		{A549E050-4F4D-4FE3-B1C0-92BACB0F7AA1}.Release|x86.Build.0 = Release|Win32
		{F546762D-A2CA-4A11-9DF2-E51A6FD82BA2}.Debug|Any CPU.ActiveCfg = Debug|Any CPU
		{F546762D-A2CA-4A11-9DF2-E51A6FD82BA2}.Debug|Any CPU.Build.0 = Debug|Any CPU
		{F546762D-A2CA-4A11-9DF2-E51A6FD82BA2}.Debug|ARM.ActiveCfg = Debug|Any CPU
		{F546762D-A2CA-4A11-9DF2-E51A6FD82BA2}.Debug|ARM.Build.0 = Debug|Any CPU
		{F546762D-A2CA-4A11-9DF2-E51A6FD82BA2}.Debug|ARM64.ActiveCfg = Debug|Any CPU
		{F546762D-A2CA-4A11-9DF2-E51A6FD82BA2}.Debug|ARM64.Build.0 = Debug|Any CPU
		{F546762D-A2CA-4A11-9DF2-E51A6FD82BA2}.Debug|x64.ActiveCfg = Debug|Any CPU
		{F546762D-A2CA-4A11-9DF2-E51A6FD82BA2}.Debug|x64.Build.0 = Debug|Any CPU
		{F546762D-A2CA-4A11-9DF2-E51A6FD82BA2}.Debug|x86.ActiveCfg = Debug|Any CPU
		{F546762D-A2CA-4A11-9DF2-E51A6FD82BA2}.Debug|x86.Build.0 = Debug|Any CPU
		{F546762D-A2CA-4A11-9DF2-E51A6FD82BA2}.Release|Any CPU.ActiveCfg = Release|Any CPU
		{F546762D-A2CA-4A11-9DF2-E51A6FD82BA2}.Release|Any CPU.Build.0 = Release|Any CPU
		{F546762D-A2CA-4A11-9DF2-E51A6FD82BA2}.Release|ARM.ActiveCfg = Release|Any CPU
		{F546762D-A2CA-4A11-9DF2-E51A6FD82BA2}.Release|ARM.Build.0 = Release|Any CPU
		{F546762D-A2CA-4A11-9DF2-E51A6FD82BA2}.Release|ARM64.ActiveCfg = Release|Any CPU
		{F546762D-A2CA-4A11-9DF2-E51A6FD82BA2}.Release|ARM64.Build.0 = Release|Any CPU
		{F546762D-A2CA-4A11-9DF2-E51A6FD82BA2}.Release|x64.ActiveCfg = Release|Any CPU
		{F546762D-A2CA-4A11-9DF2-E51A6FD82BA2}.Release|x64.Build.0 = Release|Any CPU
		{F546762D-A2CA-4A11-9DF2-E51A6FD82BA2}.Release|x86.ActiveCfg = Release|Any CPU
		{F546762D-A2CA-4A11-9DF2-E51A6FD82BA2}.Release|x86.Build.0 = Release|Any CPU
		{E732A378-61D6-47F4-A119-690EAE7E87F2}.Debug|Any CPU.ActiveCfg = Debug|x86
		{E732A378-61D6-47F4-A119-690EAE7E87F2}.Debug|ARM.ActiveCfg = Debug|ARM
		{E732A378-61D6-47F4-A119-690EAE7E87F2}.Debug|ARM.Build.0 = Debug|ARM
		{E732A378-61D6-47F4-A119-690EAE7E87F2}.Debug|ARM64.ActiveCfg = Debug|ARM64
		{E732A378-61D6-47F4-A119-690EAE7E87F2}.Debug|ARM64.Build.0 = Debug|ARM64
		{E732A378-61D6-47F4-A119-690EAE7E87F2}.Debug|x64.ActiveCfg = Debug|x64
		{E732A378-61D6-47F4-A119-690EAE7E87F2}.Debug|x64.Build.0 = Debug|x64
		{E732A378-61D6-47F4-A119-690EAE7E87F2}.Debug|x86.ActiveCfg = Debug|x86
		{E732A378-61D6-47F4-A119-690EAE7E87F2}.Debug|x86.Build.0 = Debug|x86
		{E732A378-61D6-47F4-A119-690EAE7E87F2}.Release|Any CPU.ActiveCfg = Release|x86
		{E732A378-61D6-47F4-A119-690EAE7E87F2}.Release|ARM.ActiveCfg = Release|ARM
		{E732A378-61D6-47F4-A119-690EAE7E87F2}.Release|ARM.Build.0 = Release|ARM
		{E732A378-61D6-47F4-A119-690EAE7E87F2}.Release|ARM64.ActiveCfg = Release|ARM64
		{E732A378-61D6-47F4-A119-690EAE7E87F2}.Release|ARM64.Build.0 = Release|ARM64
		{E732A378-61D6-47F4-A119-690EAE7E87F2}.Release|x64.ActiveCfg = Release|x64
		{E732A378-61D6-47F4-A119-690EAE7E87F2}.Release|x64.Build.0 = Release|x64
		{E732A378-61D6-47F4-A119-690EAE7E87F2}.Release|x86.ActiveCfg = Release|x86
		{E732A378-61D6-47F4-A119-690EAE7E87F2}.Release|x86.Build.0 = Release|x86
	EndGlobalSection
	GlobalSection(SolutionProperties) = preSolution
		HideSolutionNode = FALSE
	EndGlobalSection
	GlobalSection(ExtensibilityGlobals) = postSolution
		SolutionGuid = {509D9DB9-6014-40F6-BA2F-77C629B80EA3}
	EndGlobalSection
EndGlobal
